
Microsoft Visual Studio Solution File, Format Version 12.00
# Visual Studio Version 17
VisualStudioVersion = 17.0.32014.148
MinimumVisualStudioVersion = 10.0.40219.1
Project("{8BC9CEB8-8B4A-11D0-8D11-00A0C91BC942}") = "Bubble_sort", "Bubble\Bubble.vcxproj", "{2135B3A9-2D05-4BDC-BF7C-E7ABB9291802}"
EndProject
Global
	GlobalSection(SolutionConfigurationPlatforms) = preSolution
		Debug|x64 = Debug|x64
		Debug|x86 = Debug|x86
		Release|x64 = Release|x64
		Release|x86 = Release|x86
	EndGlobalSection
	GlobalSection(ProjectConfigurationPlatforms) = postSolution
		{2135B3A9-2D05-4BDC-BF7C-E7ABB9291802}.Debug|x64.ActiveCfg = Debug|x64
		{2135B3A9-2D05-4BDC-BF7C-E7ABB9291802}.Debug|x64.Build.0 = Debug|x64
		{2135B3A9-2D05-4BDC-BF7C-E7ABB9291802}.Debug|x86.ActiveCfg = Debug|Win32
		{2135B3A9-2D05-4BDC-BF7C-E7ABB9291802}.Debug|x86.Build.0 = Debug|Win32
		{2135B3A9-2D05-4BDC-BF7C-E7ABB9291802}.Release|x64.ActiveCfg = Release|x64
		{2135B3A9-2D05-4BDC-BF7C-E7ABB9291802}.Release|x64.Build.0 = Release|x64
		{2135B3A9-2D05-4BDC-BF7C-E7ABB9291802}.Release|x86.ActiveCfg = Release|Win32
		{2135B3A9-2D05-4BDC-BF7C-E7ABB9291802}.Release|x86.Build.0 = Release|Win32
	EndGlobalSection
	GlobalSection(SolutionProperties) = preSolution
		HideSolutionNode = FALSE
	EndGlobalSection
	GlobalSection(ExtensibilityGlobals) = postSolution
		SolutionGuid = {10B303A8-D8CC-468A-94CB-7B298D07F43C}
	EndGlobalSection
EndGlobal
